
Microsoft Visual Studio Solution File, Format Version 12.00
# Visual Studio Version 16
VisualStudioVersion = 16.0.30204.135
MinimumVisualStudioVersion = 10.0.40219.1
Project("{FAE04EC0-301F-11D3-BF4B-00C04F79EFBC}") = "WinFormApp", "WinFormApp\WinFormApp.csproj", "{793A1ADB-E80A-43A0-AF9B-AEC714A2C1AB}"
EndProject
Project("{FAE04EC0-301F-11D3-BF4B-00C04F79EFBC}") = "ClockApp", "ClockApp\ClockApp.csproj", "{C2107522-D8D4-4B98-8A42-2DB5FAB0DF5C}"
EndProject
Project("{FAE04EC0-301F-11D3-BF4B-00C04F79EFBC}") = "ButtonTestApp", "ButtonTestApp\ButtonTestApp.csproj", "{1F285C4D-B61B-44FE-92E8-D952A932A415}"
EndProject
Project("{FAE04EC0-301F-11D3-BF4B-00C04F79EFBC}") = "CheckBoxTestApp", "CheckBoxTestApp\CheckBoxTestApp.csproj", "{8C23FA26-F3A5-4700-912A-5669DB19FD15}"
EndProject
Project("{FAE04EC0-301F-11D3-BF4B-00C04F79EFBC}") = "RadioButtonTestApp", "RadioButtonTestApp\RadioButtonTestApp.csproj", "{28C06D5F-D1F5-41E3-94D1-CB9E52429AA8}"
EndProject
Project("{FAE04EC0-301F-11D3-BF4B-00C04F79EFBC}") = "TextBoxTestApp", "TextBoxTestApp\TextBoxTestApp.csproj", "{2EC369E0-C891-4B4C-8627-A30475D7C8EA}"
EndProject
Project("{FAE04EC0-301F-11D3-BF4B-00C04F79EFBC}") = "ListControlTestApp", "ListControlTestApp\ListControlTestApp.csproj", "{67FFF7D0-B518-46EC-9ECE-FC7F7FF9DDC2}"
EndProject
Project("{FAE04EC0-301F-11D3-BF4B-00C04F79EFBC}") = "CheckListBoxApp", "CheckListBoxApp\CheckListBoxApp.csproj", "{618DE27B-52BF-4706-8E36-EC622CE1E08B}"
EndProject
Project("{FAE04EC0-301F-11D3-BF4B-00C04F79EFBC}") = "ModalDlgApp", "ModalDlgApp\ModalDlgApp.csproj", "{FDB87AFE-378A-4B56-B60E-03E12E90E46D}"
EndProject
Project("{FAE04EC0-301F-11D3-BF4B-00C04F79EFBC}") = "OpenFileDlgApp", "OpenFileDlgApp\OpenFileDlgApp.csproj", "{B99537AA-3DEA-49CA-89D3-39CFD2B5391C}"
EndProject
Global
	GlobalSection(SolutionConfigurationPlatforms) = preSolution
		Debug|Any CPU = Debug|Any CPU
		Release|Any CPU = Release|Any CPU
	EndGlobalSection
	GlobalSection(ProjectConfigurationPlatforms) = postSolution
		{793A1ADB-E80A-43A0-AF9B-AEC714A2C1AB}.Debug|Any CPU.ActiveCfg = Debug|Any CPU
		{793A1ADB-E80A-43A0-AF9B-AEC714A2C1AB}.Debug|Any CPU.Build.0 = Debug|Any CPU
		{793A1ADB-E80A-43A0-AF9B-AEC714A2C1AB}.Release|Any CPU.ActiveCfg = Release|Any CPU
		{793A1ADB-E80A-43A0-AF9B-AEC714A2C1AB}.Release|Any CPU.Build.0 = Release|Any CPU
		{C2107522-D8D4-4B98-8A42-2DB5FAB0DF5C}.Debug|Any CPU.ActiveCfg = Debug|Any CPU
		{C2107522-D8D4-4B98-8A42-2DB5FAB0DF5C}.Debug|Any CPU.Build.0 = Debug|Any CPU
		{C2107522-D8D4-4B98-8A42-2DB5FAB0DF5C}.Release|Any CPU.ActiveCfg = Release|Any CPU
		{C2107522-D8D4-4B98-8A42-2DB5FAB0DF5C}.Release|Any CPU.Build.0 = Release|Any CPU
		{1F285C4D-B61B-44FE-92E8-D952A932A415}.Debug|Any CPU.ActiveCfg = Debug|Any CPU
		{1F285C4D-B61B-44FE-92E8-D952A932A415}.Debug|Any CPU.Build.0 = Debug|Any CPU
		{1F285C4D-B61B-44FE-92E8-D952A932A415}.Release|Any CPU.ActiveCfg = Release|Any CPU
		{1F285C4D-B61B-44FE-92E8-D952A932A415}.Release|Any CPU.Build.0 = Release|Any CPU
		{8C23FA26-F3A5-4700-912A-5669DB19FD15}.Debug|Any CPU.ActiveCfg = Debug|Any CPU
		{8C23FA26-F3A5-4700-912A-5669DB19FD15}.Debug|Any CPU.Build.0 = Debug|Any CPU
		{8C23FA26-F3A5-4700-912A-5669DB19FD15}.Release|Any CPU.ActiveCfg = Release|Any CPU
		{8C23FA26-F3A5-4700-912A-5669DB19FD15}.Release|Any CPU.Build.0 = Release|Any CPU
		{28C06D5F-D1F5-41E3-94D1-CB9E52429AA8}.Debug|Any CPU.ActiveCfg = Debug|Any CPU
		{28C06D5F-D1F5-41E3-94D1-CB9E52429AA8}.Debug|Any CPU.Build.0 = Debug|Any CPU
		{28C06D5F-D1F5-41E3-94D1-CB9E52429AA8}.Release|Any CPU.ActiveCfg = Release|Any CPU
		{28C06D5F-D1F5-41E3-94D1-CB9E52429AA8}.Release|Any CPU.Build.0 = Release|Any CPU
		{2EC369E0-C891-4B4C-8627-A30475D7C8EA}.Debug|Any CPU.ActiveCfg = Debug|Any CPU
		{2EC369E0-C891-4B4C-8627-A30475D7C8EA}.Debug|Any CPU.Build.0 = Debug|Any CPU
		{2EC369E0-C891-4B4C-8627-A30475D7C8EA}.Release|Any CPU.ActiveCfg = Release|Any CPU
		{2EC369E0-C891-4B4C-8627-A30475D7C8EA}.Release|Any CPU.Build.0 = Release|Any CPU
		{67FFF7D0-B518-46EC-9ECE-FC7F7FF9DDC2}.Debug|Any CPU.ActiveCfg = Debug|Any CPU
		{67FFF7D0-B518-46EC-9ECE-FC7F7FF9DDC2}.Debug|Any CPU.Build.0 = Debug|Any CPU
		{67FFF7D0-B518-46EC-9ECE-FC7F7FF9DDC2}.Release|Any CPU.ActiveCfg = Release|Any CPU
		{67FFF7D0-B518-46EC-9ECE-FC7F7FF9DDC2}.Release|Any CPU.Build.0 = Release|Any CPU
		{618DE27B-52BF-4706-8E36-EC622CE1E08B}.Debug|Any CPU.ActiveCfg = Debug|Any CPU
		{618DE27B-52BF-4706-8E36-EC622CE1E08B}.Debug|Any CPU.Build.0 = Debug|Any CPU
		{618DE27B-52BF-4706-8E36-EC622CE1E08B}.Release|Any CPU.ActiveCfg = Release|Any CPU
		{618DE27B-52BF-4706-8E36-EC622CE1E08B}.Release|Any CPU.Build.0 = Release|Any CPU
		{FDB87AFE-378A-4B56-B60E-03E12E90E46D}.Debug|Any CPU.ActiveCfg = Debug|Any CPU
		{FDB87AFE-378A-4B56-B60E-03E12E90E46D}.Debug|Any CPU.Build.0 = Debug|Any CPU
		{FDB87AFE-378A-4B56-B60E-03E12E90E46D}.Release|Any CPU.ActiveCfg = Release|Any CPU
		{FDB87AFE-378A-4B56-B60E-03E12E90E46D}.Release|Any CPU.Build.0 = Release|Any CPU
		{B99537AA-3DEA-49CA-89D3-39CFD2B5391C}.Debug|Any CPU.ActiveCfg = Debug|Any CPU
		{B99537AA-3DEA-49CA-89D3-39CFD2B5391C}.Debug|Any CPU.Build.0 = Debug|Any CPU
		{B99537AA-3DEA-49CA-89D3-39CFD2B5391C}.Release|Any CPU.ActiveCfg = Release|Any CPU
		{B99537AA-3DEA-49CA-89D3-39CFD2B5391C}.Release|Any CPU.Build.0 = Release|Any CPU
	EndGlobalSection
	GlobalSection(SolutionProperties) = preSolution
		HideSolutionNode = FALSE
	EndGlobalSection
	GlobalSection(ExtensibilityGlobals) = postSolution
		SolutionGuid = {65EAED49-302F-4FE8-AB66-20721490B905}
	EndGlobalSection
EndGlobal
