
Microsoft Visual Studio Solution File, Format Version 12.00
# Visual Studio Version 16
VisualStudioVersion = 16.0.30204.135
MinimumVisualStudioVersion = 10.0.40219.1
Project("{FAE04EC0-301F-11D3-BF4B-00C04F79EFBC}") = "GenericApp", "GenericApp\GenericApp.csproj", "{EC9249B3-8905-4AEF-AA54-B2C6D415F2A3}"
EndProject
Global
	GlobalSection(SolutionConfigurationPlatforms) = preSolution
		Debug|Any CPU = Debug|Any CPU
		Release|Any CPU = Release|Any CPU
	EndGlobalSection
	GlobalSection(ProjectConfigurationPlatforms) = postSolution
		{EC9249B3-8905-4AEF-AA54-B2C6D415F2A3}.Debug|Any CPU.ActiveCfg = Debug|Any CPU
		{EC9249B3-8905-4AEF-AA54-B2C6D415F2A3}.Debug|Any CPU.Build.0 = Debug|Any CPU
		{EC9249B3-8905-4AEF-AA54-B2C6D415F2A3}.Release|Any CPU.ActiveCfg = Release|Any CPU
		{EC9249B3-8905-4AEF-AA54-B2C6D415F2A3}.Release|Any CPU.Build.0 = Release|Any CPU
	EndGlobalSection
	GlobalSection(SolutionProperties) = preSolution
		HideSolutionNode = FALSE
	EndGlobalSection
	GlobalSection(ExtensibilityGlobals) = postSolution
		SolutionGuid = {82ADF04A-2C2D-45B4-8DF6-BB56A32B39F4}
	EndGlobalSection
EndGlobal
